# THIS IS AN AUTOGENERATED FILE. DO NOT EDIT THIS FILE DIRECTLY.
# yarn lockfile v1


core-js@^3.6.1:
  version "3.18.1"
  resolved "https://registry.yarnpkg.com/core-js/-/core-js-3.18.1.tgz#289d4be2ce0085d40fc1244c0b1a54c00454622f"
  integrity sha512-vJlUi/7YdlCZeL6fXvWNaLUPh/id12WXj3MbkMw5uOyF0PfWPBNOCNbs53YqgrvtujLNlt9JQpruyIKkUZ+PKA==

openrgb@^0.1.2:
  version "0.1.2"
  resolved "https://registry.yarnpkg.com/openrgb/-/openrgb-0.1.2.tgz#e7f025d913113e3f34484b3b27600bce9605d8f6"
  integrity sha512-TlXsn/WVga050LeT7Af8xjA6sAUzDPYieq6R62yT4KaldmwjtoAJHjzAm8pPJoD7si5+g23Jw5oyFBQIZmwbCw==
  dependencies:
    promise-socket "^6.0.3"

promise-duplex@^5.0.3:
  version "5.0.3"
  resolved "https://registry.yarnpkg.com/promise-duplex/-/promise-duplex-5.0.3.tgz#92b2bb0c6c996bed35421e08bf1832b8eac4d84c"
  integrity sha512-f/1gIgfEe5RUUHwA42B6oC8nhUpFheRC4Mc6gsAJGzpNdUyCwJ2rHMBKCorB4l//zmb8j2+TPUrr3le5Jqi+iA==
  dependencies:
    core-js "^3.6.1"
    promise-readable "^5.0.4"
    promise-writable "^5.0.4"

promise-readable@^5.0.4:
  version "5.0.4"
  resolved "https://registry.yarnpkg.com/promise-readable/-/promise-readable-5.0.4.tgz#5f71fa8673e540b73e5afe62c0679fa2251a7501"
  integrity sha512-v1MqYyLQvopoi+FOVL+HErz4TB7lpaZf7H+pQo8vW6yAmJ1QZVDww7XTTwK+gqzQZylmhrlS3CaHQzLkKorZjA==
  dependencies:
    core-js "^3.6.1"

promise-socket@^6.0.3:
  version "6.0.3"
  resolved "https://registry.yarnpkg.com/promise-socket/-/promise-socket-6.0.3.tgz#90537c6a3e9b9e1fea07e7d895186b1110863002"
  integrity sha512-mCP9YcHwOh2bGmuHURSu2YnzSdOyWmMd3qKv6eSFLOY6iax+IDENou4cCtsEKIQwaj9gVlcOQVLCOB/yd4ELgg==
  dependencies:
    promise-duplex "^5.0.3"
    tslib "^1.10.0"

promise-writable@^5.0.4:
  version "5.0.4"
  resolved "https://registry.yarnpkg.com/promise-writable/-/promise-writable-5.0.4.tgz#acd64563ca0ada986be006e120bebb50e46760a4"
  integrity sha512-D8ar07P5Ntc1C9KhEOZplFdHn82BpiYn/FDc1S8PY2shrRqRcf27zq1GcMsfiP/cvEpatF6Vk3q1L+T7+5OoDw==

rainbowvis.js@^1.0.1:
  version "1.0.1"
  resolved "https://registry.yarnpkg.com/rainbowvis.js/-/rainbowvis.js-1.0.1.tgz#e8998fb97161b02557748c7da097962b0d6e3e00"
  integrity sha1-6JmPuXFhsCVXdIx9oJeWKw1uPgA=

tslib@^1.10.0:
  version "1.14.1"
  resolved "https://registry.yarnpkg.com/tslib/-/tslib-1.14.1.tgz#cf2d38bdc34a134bcaf1091c41f6619e2f672d00"
  integrity sha512-Xni35NKzjgMrwevysHTCArtLDpPvye8zV/0E4EyYn43P7/7qvQwPh9BGkHewbMulVntbigmcT7rdX3BNo9wRJg==
