# THIS IS AN AUTOGENERATED FILE. DO NOT EDIT THIS FILE DIRECTLY.
# yarn lockfile v1


bufferpack@0.0.6:
  version "0.0.6"
  resolved "https://registry.yarnpkg.com/bufferpack/-/bufferpack-0.0.6.tgz#fb3d8738a0e1e4e03bcff99f9a75f9ec18a9d73e"
  integrity sha1-+z2HOKDh5OA7z/mfmnX57Bip1z4=

core-js@^3.6.1:
  version "3.19.0"
  resolved "https://registry.yarnpkg.com/core-js/-/core-js-3.19.0.tgz#9e40098a9bc326c7e81b486abbd5e12b9d275176"
  integrity sha512-L1TpFRWXZ76vH1yLM+z6KssLZrP8Z6GxxW4auoCj+XiViOzNPJCAuTIkn03BGdFe6Z5clX5t64wRIRypsZQrUg==

openrgb-sdk@^0.4.3:
  version "0.4.3"
  resolved "https://registry.yarnpkg.com/openrgb-sdk/-/openrgb-sdk-0.4.3.tgz#a5284caf3871a249ddf33eb2ab7d01193895f195"
  integrity sha512-e3PDZ1RxO2HxC9rGzp9D0B+t4JewaucxQ08TnwpwZxfxtWYnE+83O7kZjSKSyUqHjkOqdxpZJJkxT6C112yxyw==
  dependencies:
    bufferpack "0.0.6"
    promise-socket "^6.0.3"

promise-duplex@^5.0.3:
  version "5.0.3"
  resolved "https://registry.yarnpkg.com/promise-duplex/-/promise-duplex-5.0.3.tgz#92b2bb0c6c996bed35421e08bf1832b8eac4d84c"
  integrity sha512-f/1gIgfEe5RUUHwA42B6oC8nhUpFheRC4Mc6gsAJGzpNdUyCwJ2rHMBKCorB4l//zmb8j2+TPUrr3le5Jqi+iA==
  dependencies:
    core-js "^3.6.1"
    promise-readable "^5.0.4"
    promise-writable "^5.0.4"

promise-readable@^5.0.4:
  version "5.0.4"
  resolved "https://registry.yarnpkg.com/promise-readable/-/promise-readable-5.0.4.tgz#5f71fa8673e540b73e5afe62c0679fa2251a7501"
  integrity sha512-v1MqYyLQvopoi+FOVL+HErz4TB7lpaZf7H+pQo8vW6yAmJ1QZVDww7XTTwK+gqzQZylmhrlS3CaHQzLkKorZjA==
  dependencies:
    core-js "^3.6.1"

promise-socket@^6.0.3:
  version "6.0.3"
  resolved "https://registry.yarnpkg.com/promise-socket/-/promise-socket-6.0.3.tgz#90537c6a3e9b9e1fea07e7d895186b1110863002"
  integrity sha512-mCP9YcHwOh2bGmuHURSu2YnzSdOyWmMd3qKv6eSFLOY6iax+IDENou4cCtsEKIQwaj9gVlcOQVLCOB/yd4ELgg==
  dependencies:
    promise-duplex "^5.0.3"
    tslib "^1.10.0"

promise-writable@^5.0.4:
  version "5.0.4"
  resolved "https://registry.yarnpkg.com/promise-writable/-/promise-writable-5.0.4.tgz#acd64563ca0ada986be006e120bebb50e46760a4"
  integrity sha512-D8ar07P5Ntc1C9KhEOZplFdHn82BpiYn/FDc1S8PY2shrRqRcf27zq1GcMsfiP/cvEpatF6Vk3q1L+T7+5OoDw==

rainbowvis.js@^1.0.1:
  version "1.0.1"
  resolved "https://registry.yarnpkg.com/rainbowvis.js/-/rainbowvis.js-1.0.1.tgz#e8998fb97161b02557748c7da097962b0d6e3e00"
  integrity sha1-6JmPuXFhsCVXdIx9oJeWKw1uPgA=

tslib@^1.10.0:
  version "1.14.1"
  resolved "https://registry.yarnpkg.com/tslib/-/tslib-1.14.1.tgz#cf2d38bdc34a134bcaf1091c41f6619e2f672d00"
  integrity sha512-Xni35NKzjgMrwevysHTCArtLDpPvye8zV/0E4EyYn43P7/7qvQwPh9BGkHewbMulVntbigmcT7rdX3BNo9wRJg==
